PODS:
  - FTIndicator (1.2.9):
    - FTIndicator/FTNotificationIndicator (= 1.2.9)
    - FTIndicator/FTProgressIndicator (= 1.2.9)
    - FTIndicator/FTToastIndicator (= 1.2.9)
  - FTIndicator/FTNotificationIndicator (1.2.9)
  - FTIndicator/FTProgressIndicator (1.2.9)
  - FTIndicator/FTToastIndicator (1.2.9)
  - Kingfisher (4.8.1)
  - SwiftyJSON (4.1.0)

DEPENDENCIES:
  - FTIndicator
  - Kingfisher
  - SwiftyJSON

SPEC REPOS:
  https://github.com/cocoapods/specs.git:
    - FTIndicator
    - Kingfisher
    - SwiftyJSON

SPEC CHECKSUMS:
  FTIndicator: f7f071fd159e5befa1d040a9ef2e3ab53fa9322c
  Kingfisher: 868c1149679a7ab6869be118faa9b5aed154aaf0
  SwiftyJSON: c29297daf073d2aa016295d5809cdd68045c39b3

PODFILE CHECKSUM: ffa4e9c2a939ee3f526ad9f4ef2ea40575151076

COCOAPODS: 1.5.3
